// !$*UTF8*$!
{
	archiveVersion = 1;
	classes = {
	};
	objectVersion = 50;
	objects = {

/* Begin PBXBuildFile section */
		6638E92F262D412A00D14C96 /* UIView+customShadowAndRadius.swift in Sources */ = {isa = PBXBuildFile; fileRef = 6638E92E262D412A00D14C96 /* UIView+customShadowAndRadius.swift */; };
		66A14CED2623E911003E02BB /* AppDelegate.swift in Sources */ = {isa = PBXBuildFile; fileRef = 66A14CEC2623E911003E02BB /* AppDelegate.swift */; };
		66A14CEF2623E911003E02BB /* SceneDelegate.swift in Sources */ = {isa = PBXBuildFile; fileRef = 66A14CEE2623E911003E02BB /* SceneDelegate.swift */; };
		66A14CF62623E912003E02BB /* Assets.xcassets in Resources */ = {isa = PBXBuildFile; fileRef = 66A14CF52623E912003E02BB /* Assets.xcassets */; };
		66A14CF92623E912003E02BB /* LaunchScreen.storyboard in Resources */ = {isa = PBXBuildFile; fileRef = 66A14CF72623E912003E02BB /* LaunchScreen.storyboard */; };
		66A14D062623E9A5003E02BB /* HomeView.storyboard in Resources */ = {isa = PBXBuildFile; fileRef = 66A14D052623E9A5003E02BB /* HomeView.storyboard */; };
		66A14D0A2623EA43003E02BB /* HomeViewController.swift in Sources */ = {isa = PBXBuildFile; fileRef = 66A14D092623EA43003E02BB /* HomeViewController.swift */; };
		66A14D0F2623EA8F003E02BB /* DetailViewController.swift in Sources */ = {isa = PBXBuildFile; fileRef = 66A14D0E2623EA8F003E02BB /* DetailViewController.swift */; };
		66A14D132623EAA1003E02BB /* DetailView.storyboard in Resources */ = {isa = PBXBuildFile; fileRef = 66A14D122623EAA1003E02BB /* DetailView.storyboard */; };
		66A14D192623EBA1003E02BB /* MyCollectionViewCell.xib in Resources */ = {isa = PBXBuildFile; fileRef = 66A14D172623EBA1003E02BB /* MyCollectionViewCell.xib */; };
		66A14D222623EC71003E02BB /* Fruit.swift in Sources */ = {isa = PBXBuildFile; fileRef = 66A14D212623EC71003E02BB /* Fruit.swift */; };
		66A14D282623F68A003E02BB /* MyCollectionViewCell.swift in Sources */ = {isa = PBXBuildFile; fileRef = 66A14D272623F68A003E02BB /* MyCollectionViewCell.swift */; };
		66A14D2F26245051003E02BB /* UIButton+customCornerRadius.swift in Sources */ = {isa = PBXBuildFile; fileRef = 66A14D2E26245051003E02BB /* UIButton+customCornerRadius.swift */; };
		66A14D3226245063003E02BB /* UIView+customCornerRadius.swift in Sources */ = {isa = PBXBuildFile; fileRef = 66A14D3126245063003E02BB /* UIView+customCornerRadius.swift */; };
		66A14D3A26257C97003E02BB /* TagCollectionViewCell.swift in Sources */ = {isa = PBXBuildFile; fileRef = 66A14D3826257C97003E02BB /* TagCollectionViewCell.swift */; };
		66A14D3B26257C97003E02BB /* TagCollectionViewCell.xib in Resources */ = {isa = PBXBuildFile; fileRef = 66A14D3926257C97003E02BB /* TagCollectionViewCell.xib */; };
		66A14D4626283654003E02BB /* Star.swift in Sources */ = {isa = PBXBuildFile; fileRef = 66A14D4526283654003E02BB /* Star.swift */; };
		66AC075F262D910200C1009C /* HomeViewModel.swift in Sources */ = {isa = PBXBuildFile; fileRef = 66AC075E262D910200C1009C /* HomeViewModel.swift */; };
		66B51F35262EB2A1002B9640 /* MyCollectionViewCellModel.swift in Sources */ = {isa = PBXBuildFile; fileRef = 66B51F34262EB2A1002B9640 /* MyCollectionViewCellModel.swift */; };
/* End PBXBuildFile section */

/* Begin PBXFileReference section */
		6638E92E262D412A00D14C96 /* UIView+customShadowAndRadius.swift */ = {isa = PBXFileReference; lastKnownFileType = sourcecode.swift; path = "UIView+customShadowAndRadius.swift"; sourceTree = "<group>"; };
		66A14CE92623E911003E02BB /* W5-ReviewExercise.app */ = {isa = PBXFileReference; explicitFileType = wrapper.application; includeInIndex = 0; path = "W5-ReviewExercise.app"; sourceTree = BUILT_PRODUCTS_DIR; };
		66A14CEC2623E911003E02BB /* AppDelegate.swift */ = {isa = PBXFileReference; lastKnownFileType = sourcecode.swift; path = AppDelegate.swift; sourceTree = "<group>"; };
		66A14CEE2623E911003E02BB /* SceneDelegate.swift */ = {isa = PBXFileReference; lastKnownFileType = sourcecode.swift; path = SceneDelegate.swift; sourceTree = "<group>"; };
		66A14CF52623E912003E02BB /* Assets.xcassets */ = {isa = PBXFileReference; lastKnownFileType = folder.assetcatalog; path = Assets.xcassets; sourceTree = "<group>"; };
		66A14CF82623E912003E02BB /* Base */ = {isa = PBXFileReference; lastKnownFileType = file.storyboard; name = Base; path = Base.lproj/LaunchScreen.storyboard; sourceTree = "<group>"; };
		66A14CFA2623E912003E02BB /* Info.plist */ = {isa = PBXFileReference; lastKnownFileType = text.plist.xml; path = Info.plist; sourceTree = "<group>"; };
		66A14D052623E9A5003E02BB /* HomeView.storyboard */ = {isa = PBXFileReference; lastKnownFileType = file.storyboard; path = HomeView.storyboard; sourceTree = "<group>"; };
		66A14D092623EA43003E02BB /* HomeViewController.swift */ = {isa = PBXFileReference; lastKnownFileType = sourcecode.swift; path = HomeViewController.swift; sourceTree = "<group>"; };
		66A14D0E2623EA8F003E02BB /* DetailViewController.swift */ = {isa = PBXFileReference; lastKnownFileType = sourcecode.swift; path = DetailViewController.swift; sourceTree = "<group>"; };
		66A14D122623EAA1003E02BB /* DetailView.storyboard */ = {isa = PBXFileReference; lastKnownFileType = file.storyboard; path = DetailView.storyboard; sourceTree = "<group>"; };
		66A14D172623EBA1003E02BB /* MyCollectionViewCell.xib */ = {isa = PBXFileReference; lastKnownFileType = file.xib; path = MyCollectionViewCell.xib; sourceTree = "<group>"; };
		66A14D212623EC71003E02BB /* Fruit.swift */ = {isa = PBXFileReference; lastKnownFileType = sourcecode.swift; path = Fruit.swift; sourceTree = "<group>"; };
		66A14D272623F68A003E02BB /* MyCollectionViewCell.swift */ = {isa = PBXFileReference; lastKnownFileType = sourcecode.swift; path = MyCollectionViewCell.swift; sourceTree = "<group>"; };
		66A14D2E26245051003E02BB /* UIButton+customCornerRadius.swift */ = {isa = PBXFileReference; lastKnownFileType = sourcecode.swift; path = "UIButton+customCornerRadius.swift"; sourceTree = "<group>"; };
		66A14D3126245063003E02BB /* UIView+customCornerRadius.swift */ = {isa = PBXFileReference; lastKnownFileType = sourcecode.swift; path = "UIView+customCornerRadius.swift"; sourceTree = "<group>"; };
		66A14D3826257C97003E02BB /* TagCollectionViewCell.swift */ = {isa = PBXFileReference; lastKnownFileType = sourcecode.swift; path = TagCollectionViewCell.swift; sourceTree = "<group>"; };
		66A14D3926257C97003E02BB /* TagCollectionViewCell.xib */ = {isa = PBXFileReference; lastKnownFileType = file.xib; path = TagCollectionViewCell.xib; sourceTree = "<group>"; };
		66A14D4526283654003E02BB /* Star.swift */ = {isa = PBXFileReference; lastKnownFileType = sourcecode.swift; path = Star.swift; sourceTree = "<group>"; };
		66AC075E262D910200C1009C /* HomeViewModel.swift */ = {isa = PBXFileReference; lastKnownFileType = sourcecode.swift; path = HomeViewModel.swift; sourceTree = "<group>"; };
		66B51F34262EB2A1002B9640 /* MyCollectionViewCellModel.swift */ = {isa = PBXFileReference; lastKnownFileType = sourcecode.swift; path = MyCollectionViewCellModel.swift; sourceTree = "<group>"; };
/* End PBXFileReference section */

/* Begin PBXFrameworksBuildPhase section */
		66A14CE62623E911003E02BB /* Frameworks */ = {
			isa = PBXFrameworksBuildPhase;
			buildActionMask = 2147483647;
			files = (
			);
			runOnlyForDeploymentPostprocessing = 0;
		};
/* End PBXFrameworksBuildPhase section */

/* Begin PBXGroup section */
		66341518262D8CCA00C05A80 /* Cells */ = {
			isa = PBXGroup;
			children = (
				66A14D172623EBA1003E02BB /* MyCollectionViewCell.xib */,
				66A14D272623F68A003E02BB /* MyCollectionViewCell.swift */,
				66B51F34262EB2A1002B9640 /* MyCollectionViewCellModel.swift */,
			);
			path = Cells;
			sourceTree = "<group>";
		};
		66341519262D8CD600C05A80 /* Models */ = {
			isa = PBXGroup;
			children = (
				66A14D212623EC71003E02BB /* Fruit.swift */,
				66A14D4526283654003E02BB /* Star.swift */,
			);
			path = Models;
			sourceTree = "<group>";
		};
		6638E942262D8C4B00D14C96 /* Cells */ = {
			isa = PBXGroup;
			children = (
				66A14D3826257C97003E02BB /* TagCollectionViewCell.swift */,
				66A14D3926257C97003E02BB /* TagCollectionViewCell.xib */,
			);
			path = Cells;
			sourceTree = "<group>";
		};
		66A14CE02623E911003E02BB = {
			isa = PBXGroup;
			children = (
				66A14CEB2623E911003E02BB /* W5-ReviewExercise */,
				66A14CEA2623E911003E02BB /* Products */,
			);
			sourceTree = "<group>";
		};
		66A14CEA2623E911003E02BB /* Products */ = {
			isa = PBXGroup;
			children = (
				66A14CE92623E911003E02BB /* W5-ReviewExercise.app */,
			);
			name = Products;
			sourceTree = "<group>";
		};
		66A14CEB2623E911003E02BB /* W5-ReviewExercise */ = {
			isa = PBXGroup;
			children = (
				66A14D202623EC38003E02BB /* Extentions */,
				66A14D1F2623EC31003E02BB /* Data */,
				66A14D022623E93C003E02BB /* UI */,
				66A14CEC2623E911003E02BB /* AppDelegate.swift */,
				66A14CEE2623E911003E02BB /* SceneDelegate.swift */,
				66A14CF52623E912003E02BB /* Assets.xcassets */,
				66A14CF72623E912003E02BB /* LaunchScreen.storyboard */,
				66A14CFA2623E912003E02BB /* Info.plist */,
			);
			path = "W5-ReviewExercise";
			sourceTree = "<group>";
		};
		66A14D022623E93C003E02BB /* UI */ = {
			isa = PBXGroup;
			children = (
				66A14D0D2623EA5F003E02BB /* DetailView */,
				66A14D042623E95C003E02BB /* HomeView */,
			);
			path = UI;
			sourceTree = "<group>";
		};
		66A14D042623E95C003E02BB /* HomeView */ = {
			isa = PBXGroup;
			children = (
				66A14D152623EB7C003E02BB /* Parts */,
				66A14D052623E9A5003E02BB /* HomeView.storyboard */,
				66A14D092623EA43003E02BB /* HomeViewController.swift */,
				66AC075E262D910200C1009C /* HomeViewModel.swift */,
			);
			path = HomeView;
			sourceTree = "<group>";
		};
		66A14D0D2623EA5F003E02BB /* DetailView */ = {
			isa = PBXGroup;
			children = (
				66A14D3726257C76003E02BB /* Parts */,
				66A14D0E2623EA8F003E02BB /* DetailViewController.swift */,
				66A14D122623EAA1003E02BB /* DetailView.storyboard */,
			);
			path = DetailView;
			sourceTree = "<group>";
		};
		66A14D152623EB7C003E02BB /* Parts */ = {
			isa = PBXGroup;
			children = (
				66341518262D8CCA00C05A80 /* Cells */,
			);
			path = Parts;
			sourceTree = "<group>";
		};
		66A14D1F2623EC31003E02BB /* Data */ = {
			isa = PBXGroup;
			children = (
				66341519262D8CD600C05A80 /* Models */,
			);
			path = Data;
			sourceTree = "<group>";
		};
		66A14D202623EC38003E02BB /* Extentions */ = {
			isa = PBXGroup;
			children = (
				66A14D2E26245051003E02BB /* UIButton+customCornerRadius.swift */,
				66A14D3126245063003E02BB /* UIView+customCornerRadius.swift */,
				6638E92E262D412A00D14C96 /* UIView+customShadowAndRadius.swift */,
			);
			path = Extentions;
			sourceTree = "<group>";
		};
		66A14D3726257C76003E02BB /* Parts */ = {
			isa = PBXGroup;
			children = (
				6638E942262D8C4B00D14C96 /* Cells */,
			);
			path = Parts;
			sourceTree = "<group>";
		};
/* End PBXGroup section */

/* Begin PBXNativeTarget section */
		66A14CE82623E911003E02BB /* W5-ReviewExercise */ = {
			isa = PBXNativeTarget;
			buildConfigurationList = 66A14CFD2623E912003E02BB /* Build configuration list for PBXNativeTarget "W5-ReviewExercise" */;
			buildPhases = (
				66A14CE52623E911003E02BB /* Sources */,
				66A14CE62623E911003E02BB /* Frameworks */,
				66A14CE72623E911003E02BB /* Resources */,
			);
			buildRules = (
			);
			dependencies = (
			);
			name = "W5-ReviewExercise";
			productName = "W5-ReviewExercise";
			productReference = 66A14CE92623E911003E02BB /* W5-ReviewExercise.app */;
			productType = "com.apple.product-type.application";
		};
/* End PBXNativeTarget section */

/* Begin PBXProject section */
		66A14CE12623E911003E02BB /* Project object */ = {
			isa = PBXProject;
			attributes = {
				LastSwiftUpdateCheck = 1240;
				LastUpgradeCheck = 1240;
				TargetAttributes = {
					66A14CE82623E911003E02BB = {
						CreatedOnToolsVersion = 12.4;
					};
				};
			};
			buildConfigurationList = 66A14CE42623E911003E02BB /* Build configuration list for PBXProject "W5-ReviewExercise" */;
			compatibilityVersion = "Xcode 9.3";
			developmentRegion = en;
			hasScannedForEncodings = 0;
			knownRegions = (
				en,
				Base,
			);
			mainGroup = 66A14CE02623E911003E02BB;
			productRefGroup = 66A14CEA2623E911003E02BB /* Products */;
			projectDirPath = "";
			projectRoot = "";
			targets = (
				66A14CE82623E911003E02BB /* W5-ReviewExercise */,
			);
		};
/* End PBXProject section */

/* Begin PBXResourcesBuildPhase section */
		66A14CE72623E911003E02BB /* Resources */ = {
			isa = PBXResourcesBuildPhase;
			buildActionMask = 2147483647;
			files = (
				66A14D192623EBA1003E02BB /* MyCollectionViewCell.xib in Resources */,
				66A14D062623E9A5003E02BB /* HomeView.storyboard in Resources */,
				66A14CF92623E912003E02BB /* LaunchScreen.storyboard in Resources */,
				66A14D3B26257C97003E02BB /* TagCollectionViewCell.xib in Resources */,
				66A14D132623EAA1003E02BB /* DetailView.storyboard in Resources */,
				66A14CF62623E912003E02BB /* Assets.xcassets in Resources */,
			);
			runOnlyForDeploymentPostprocessing = 0;
		};
/* End PBXResourcesBuildPhase section */

/* Begin PBXSourcesBuildPhase section */
		66A14CE52623E911003E02BB /* Sources */ = {
			isa = PBXSourcesBuildPhase;
			buildActionMask = 2147483647;
			files = (
				66A14CED2623E911003E02BB /* AppDelegate.swift in Sources */,
				66AC075F262D910200C1009C /* HomeViewModel.swift in Sources */,
				66A14D2F26245051003E02BB /* UIButton+customCornerRadius.swift in Sources */,
				66A14D222623EC71003E02BB /* Fruit.swift in Sources */,
				66A14D3A26257C97003E02BB /* TagCollectionViewCell.swift in Sources */,
				6638E92F262D412A00D14C96 /* UIView+customShadowAndRadius.swift in Sources */,
				66A14D3226245063003E02BB /* UIView+customCornerRadius.swift in Sources */,
				66A14D282623F68A003E02BB /* MyCollectionViewCell.swift in Sources */,
				66B51F35262EB2A1002B9640 /* MyCollectionViewCellModel.swift in Sources */,
				66A14CEF2623E911003E02BB /* SceneDelegate.swift in Sources */,
				66A14D0A2623EA43003E02BB /* HomeViewController.swift in Sources */,
				66A14D0F2623EA8F003E02BB /* DetailViewController.swift in Sources */,
				66A14D4626283654003E02BB /* Star.swift in Sources */,
			);
			runOnlyForDeploymentPostprocessing = 0;
		};
/* End PBXSourcesBuildPhase section */

/* Begin PBXVariantGroup section */
		66A14CF72623E912003E02BB /* LaunchScreen.storyboard */ = {
			isa = PBXVariantGroup;
			children = (
				66A14CF82623E912003E02BB /* Base */,
			);
			name = LaunchScreen.storyboard;
			sourceTree = "<group>";
		};
/* End PBXVariantGroup section */

/* Begin XCBuildConfiguration section */
		66A14CFB2623E912003E02BB /* Debug */ = {
			isa = XCBuildConfiguration;
			buildSettings = {
				ALWAYS_SEARCH_USER_PATHS = NO;
				CLANG_ANALYZER_NONNULL = YES;
				CLANG_ANALYZER_NUMBER_OBJECT_CONVERSION = YES_AGGRESSIVE;
				CLANG_CXX_LANGUAGE_STANDARD = "gnu++14";
				CLANG_CXX_LIBRARY = "libc++";
				CLANG_ENABLE_MODULES = YES;
				CLANG_ENABLE_OBJC_ARC = YES;
				CLANG_ENABLE_OBJC_WEAK = YES;
				CLANG_WARN_BLOCK_CAPTURE_AUTORELEASING = YES;
				CLANG_WARN_BOOL_CONVERSION = YES;
				CLANG_WARN_COMMA = YES;
				CLANG_WARN_CONSTANT_CONVERSION = YES;
				CLANG_WARN_DEPRECATED_OBJC_IMPLEMENTATIONS = YES;
				CLANG_WARN_DIRECT_OBJC_ISA_USAGE = YES_ERROR;
				CLANG_WARN_DOCUMENTATION_COMMENTS = YES;
				CLANG_WARN_EMPTY_BODY = YES;
				CLANG_WARN_ENUM_CONVERSION = YES;
				CLANG_WARN_INFINITE_RECURSION = YES;
				CLANG_WARN_INT_CONVERSION = YES;
				CLANG_WARN_NON_LITERAL_NULL_CONVERSION = YES;
				CLANG_WARN_OBJC_IMPLICIT_RETAIN_SELF = YES;
				CLANG_WARN_OBJC_LITERAL_CONVERSION = YES;
				CLANG_WARN_OBJC_ROOT_CLASS = YES_ERROR;
				CLANG_WARN_QUOTED_INCLUDE_IN_FRAMEWORK_HEADER = YES;
				CLANG_WARN_RANGE_LOOP_ANALYSIS = YES;
				CLANG_WARN_STRICT_PROTOTYPES = YES;
				CLANG_WARN_SUSPICIOUS_MOVE = YES;
				CLANG_WARN_UNGUARDED_AVAILABILITY = YES_AGGRESSIVE;
				CLANG_WARN_UNREACHABLE_CODE = YES;
				CLANG_WARN__DUPLICATE_METHOD_MATCH = YES;
				COPY_PHASE_STRIP = NO;
				DEBUG_INFORMATION_FORMAT = dwarf;
				ENABLE_STRICT_OBJC_MSGSEND = YES;
				ENABLE_TESTABILITY = YES;
				GCC_C_LANGUAGE_STANDARD = gnu11;
				GCC_DYNAMIC_NO_PIC = NO;
				GCC_NO_COMMON_BLOCKS = YES;
				GCC_OPTIMIZATION_LEVEL = 0;
				GCC_PREPROCESSOR_DEFINITIONS = (
					"DEBUG=1",
					"$(inherited)",
				);
				GCC_WARN_64_TO_32_BIT_CONVERSION = YES;
				GCC_WARN_ABOUT_RETURN_TYPE = YES_ERROR;
				GCC_WARN_UNDECLARED_SELECTOR = YES;
				GCC_WARN_UNINITIALIZED_AUTOS = YES_AGGRESSIVE;
				GCC_WARN_UNUSED_FUNCTION = YES;
				GCC_WARN_UNUSED_VARIABLE = YES;
				IPHONEOS_DEPLOYMENT_TARGET = 14.4;
				MTL_ENABLE_DEBUG_INFO = INCLUDE_SOURCE;
				MTL_FAST_MATH = YES;
				ONLY_ACTIVE_ARCH = YES;
				SDKROOT = iphoneos;
				SWIFT_ACTIVE_COMPILATION_CONDITIONS = DEBUG;
				SWIFT_OPTIMIZATION_LEVEL = "-Onone";
			};
			name = Debug;
		};
		66A14CFC2623E912003E02BB /* Release */ = {
			isa = XCBuildConfiguration;
			buildSettings = {
				ALWAYS_SEARCH_USER_PATHS = NO;
				CLANG_ANALYZER_NONNULL = YES;
				CLANG_ANALYZER_NUMBER_OBJECT_CONVERSION = YES_AGGRESSIVE;
				CLANG_CXX_LANGUAGE_STANDARD = "gnu++14";
				CLANG_CXX_LIBRARY = "libc++";
				CLANG_ENABLE_MODULES = YES;
				CLANG_ENABLE_OBJC_ARC = YES;
				CLANG_ENABLE_OBJC_WEAK = YES;
				CLANG_WARN_BLOCK_CAPTURE_AUTORELEASING = YES;
				CLANG_WARN_BOOL_CONVERSION = YES;
				CLANG_WARN_COMMA = YES;
				CLANG_WARN_CONSTANT_CONVERSION = YES;
				CLANG_WARN_DEPRECATED_OBJC_IMPLEMENTATIONS = YES;
				CLANG_WARN_DIRECT_OBJC_ISA_USAGE = YES_ERROR;
				CLANG_WARN_DOCUMENTATION_COMMENTS = YES;
				CLANG_WARN_EMPTY_BODY = YES;
				CLANG_WARN_ENUM_CONVERSION = YES;
				CLANG_WARN_INFINITE_RECURSION = YES;
				CLANG_WARN_INT_CONVERSION = YES;
				CLANG_WARN_NON_LITERAL_NULL_CONVERSION = YES;
				CLANG_WARN_OBJC_IMPLICIT_RETAIN_SELF = YES;
				CLANG_WARN_OBJC_LITERAL_CONVERSION = YES;
				CLANG_WARN_OBJC_ROOT_CLASS = YES_ERROR;
				CLANG_WARN_QUOTED_INCLUDE_IN_FRAMEWORK_HEADER = YES;
				CLANG_WARN_RANGE_LOOP_ANALYSIS = YES;
				CLANG_WARN_STRICT_PROTOTYPES = YES;
				CLANG_WARN_SUSPICIOUS_MOVE = YES;
				CLANG_WARN_UNGUARDED_AVAILABILITY = YES_AGGRESSIVE;
				CLANG_WARN_UNREACHABLE_CODE = YES;
				CLANG_WARN__DUPLICATE_METHOD_MATCH = YES;
				COPY_PHASE_STRIP = NO;
				DEBUG_INFORMATION_FORMAT = "dwarf-with-dsym";
				ENABLE_NS_ASSERTIONS = NO;
				ENABLE_STRICT_OBJC_MSGSEND = YES;
				GCC_C_LANGUAGE_STANDARD = gnu11;
				GCC_NO_COMMON_BLOCKS = YES;
				GCC_WARN_64_TO_32_BIT_CONVERSION = YES;
				GCC_WARN_ABOUT_RETURN_TYPE = YES_ERROR;
				GCC_WARN_UNDECLARED_SELECTOR = YES;
				GCC_WARN_UNINITIALIZED_AUTOS = YES_AGGRESSIVE;
				GCC_WARN_UNUSED_FUNCTION = YES;
				GCC_WARN_UNUSED_VARIABLE = YES;
				IPHONEOS_DEPLOYMENT_TARGET = 14.4;
				MTL_ENABLE_DEBUG_INFO = NO;
				MTL_FAST_MATH = YES;
				SDKROOT = iphoneos;
				SWIFT_COMPILATION_MODE = wholemodule;
				SWIFT_OPTIMIZATION_LEVEL = "-O";
				VALIDATE_PRODUCT = YES;
			};
			name = Release;
		};
		66A14CFE2623E912003E02BB /* Debug */ = {
			isa = XCBuildConfiguration;
			buildSettings = {
				ASSETCATALOG_COMPILER_APPICON_NAME = AppIcon;
				ASSETCATALOG_COMPILER_GLOBAL_ACCENT_COLOR_NAME = AccentColor;
				CODE_SIGN_STYLE = Automatic;
				DEVELOPMENT_TEAM = Z839S848GQ;
				INFOPLIST_FILE = "W5-ReviewExercise/Info.plist";
				LD_RUNPATH_SEARCH_PATHS = (
					"$(inherited)",
					"@executable_path/Frameworks",
				);
				PRODUCT_BUNDLE_IDENTIFIER = "com.vankhanhvuong.DemoUI.W5-ReviewExercise";
				PRODUCT_NAME = "$(TARGET_NAME)";
				SWIFT_VERSION = 5.0;
				TARGETED_DEVICE_FAMILY = "1,2";
			};
			name = Debug;
		};
		66A14CFF2623E912003E02BB /* Release */ = {
			isa = XCBuildConfiguration;
			buildSettings = {
				ASSETCATALOG_COMPILER_APPICON_NAME = AppIcon;
				ASSETCATALOG_COMPILER_GLOBAL_ACCENT_COLOR_NAME = AccentColor;
				CODE_SIGN_STYLE = Automatic;
				DEVELOPMENT_TEAM = Z839S848GQ;
				INFOPLIST_FILE = "W5-ReviewExercise/Info.plist";
				LD_RUNPATH_SEARCH_PATHS = (
					"$(inherited)",
					"@executable_path/Frameworks",
				);
				PRODUCT_BUNDLE_IDENTIFIER = "com.vankhanhvuong.DemoUI.W5-ReviewExercise";
				PRODUCT_NAME = "$(TARGET_NAME)";
				SWIFT_VERSION = 5.0;
				TARGETED_DEVICE_FAMILY = "1,2";
			};
			name = Release;
		};
/* End XCBuildConfiguration section */

/* Begin XCConfigurationList section */
		66A14CE42623E911003E02BB /* Build configuration list for PBXProject "W5-ReviewExercise" */ = {
			isa = XCConfigurationList;
			buildConfigurations = (
				66A14CFB2623E912003E02BB /* Debug */,
				66A14CFC2623E912003E02BB /* Release */,
			);
			defaultConfigurationIsVisible = 0;
			defaultConfigurationName = Release;
		};
		66A14CFD2623E912003E02BB /* Build configuration list for PBXNativeTarget "W5-ReviewExercise" */ = {
			isa = XCConfigurationList;
			buildConfigurations = (
				66A14CFE2623E912003E02BB /* Debug */,
				66A14CFF2623E912003E02BB /* Release */,
			);
			defaultConfigurationIsVisible = 0;
			defaultConfigurationName = Release;
		};
/* End XCConfigurationList section */
	};
	rootObject = 66A14CE12623E911003E02BB /* Project object */;
}
